
Microsoft Visual Studio Solution File, Format Version 12.00
# Visual Studio Version 17
VisualStudioVersion = 17.4.33103.184
MinimumVisualStudioVersion = 10.0.40219.1
Project("{9A19103F-16F7-4668-BE54-9A1E7A4F7556}") = "CAFFEINE", "CAFFEINE.csproj", "{F41837E3-E645-4906-8E33-B7B7A9FA2ADE}"
EndProject
Global
	GlobalSection(SolutionConfigurationPlatforms) = preSolution
		Debug|Any CPU = Debug|Any CPU
		Debug|x64 = Debug|x64
		Release|Any CPU = Release|Any CPU
		Release|x64 = Release|x64
	EndGlobalSection
	GlobalSection(ProjectConfigurationPlatforms) = postSolution
		{F41837E3-E645-4906-8E33-B7B7A9FA2ADE}.Debug|Any CPU.ActiveCfg = Debug|Any CPU
		{F41837E3-E645-4906-8E33-B7B7A9FA2ADE}.Debug|Any CPU.Build.0 = Debug|Any CPU
		{F41837E3-E645-4906-8E33-B7B7A9FA2ADE}.Debug|x64.ActiveCfg = Debug|x64
		{F41837E3-E645-4906-8E33-B7B7A9FA2ADE}.Debug|x64.Build.0 = Debug|x64
		{F41837E3-E645-4906-8E33-B7B7A9FA2ADE}.Release|Any CPU.ActiveCfg = Release|Any CPU
		{F41837E3-E645-4906-8E33-B7B7A9FA2ADE}.Release|Any CPU.Build.0 = Release|Any CPU
		{F41837E3-E645-4906-8E33-B7B7A9FA2ADE}.Release|x64.ActiveCfg = Release|x64
		{F41837E3-E645-4906-8E33-B7B7A9FA2ADE}.Release|x64.Build.0 = Release|x64
	EndGlobalSection
	GlobalSection(SolutionProperties) = preSolution
		HideSolutionNode = FALSE
	EndGlobalSection
	GlobalSection(ExtensibilityGlobals) = postSolution
		SolutionGuid = {ABB2019B-ECF1-484D-9684-5242112F6734}
	EndGlobalSection
EndGlobal
